github.com/alex-shpak/hugo-book v0.14.0 h1:edQbxbKHZQoaHidnGR9dZ9EnoEqIV+kPjyEuAaDWvzc=
github.com/alex-shpak/hugo-book v0.14.0/go.mod h1:3N2fYXAJzb31L13moUOXmPo2DC58VvQYJkGr9VniXfQ=
github.com/earth-data-community/galaxy-tools v0.0.0-20260825150959-af5e3947722f h1:T4Z2GAqFh3l7zJsCCdwd9bn1eTgdphErQitOHFb5SBE=
github.com/earth-data-community/galaxy-tools v0.0.0-20260825150959-af5e3947722f/go.mod h1:QkQBBH508pQDP+OnEC8G4xImfoYyJ1temxObsawtuDA=
